// !$*UTF8*$!
{
	archiveVersion = 1;
	classes = {
	};
	objectVersion = 46;
	objects = {

/* Begin PBXBuildFile section */
		28816E131BEBC12300B37D3D /* main.m in Sources */ = {isa = PBXBuildFile; fileRef = 28816E121BEBC12300B37D3D /* main.m */; };
		28816E161BEBC12300B37D3D /* AppDelegate.m in Sources */ = {isa = PBXBuildFile; fileRef = 28816E151BEBC12300B37D3D /* AppDelegate.m */; };
		28816E1C1BEBC12300B37D3D /* Main.storyboard in Resources */ = {isa = PBXBuildFile; fileRef = 28816E1A1BEBC12300B37D3D /* Main.storyboard */; };
		28816E1E1BEBC12300B37D3D /* Assets.xcassets in Resources */ = {isa = PBXBuildFile; fileRef = 28816E1D1BEBC12300B37D3D /* Assets.xcassets */; };
		28816E211BEBC12300B37D3D /* LaunchScreen.storyboard in Resources */ = {isa = PBXBuildFile; fileRef = 28816E1F1BEBC12300B37D3D /* LaunchScreen.storyboard */; };
		28816E2C1BEBC12300B37D3D /* ImageListCacheTests.m in Sources */ = {isa = PBXBuildFile; fileRef = 28816E2B1BEBC12300B37D3D /* ImageListCacheTests.m */; };
		28816E371BEBC12300B37D3D /* ImageListCacheUITests.m in Sources */ = {isa = PBXBuildFile; fileRef = 28816E361BEBC12300B37D3D /* ImageListCacheUITests.m */; };
		28816E481BEBC20700B37D3D /* AppTableViewController.m in Sources */ = {isa = PBXBuildFile; fileRef = 28816E451BEBC20700B37D3D /* AppTableViewController.m */; };
		28816E491BEBC20700B37D3D /* MCApps.m in Sources */ = {isa = PBXBuildFile; fileRef = 28816E471BEBC20700B37D3D /* MCApps.m */; };
		28816E4B1BEBC26600B37D3D /* apps.plist in Resources */ = {isa = PBXBuildFile; fileRef = 28816E4A1BEBC26600B37D3D /* apps.plist */; };
		4F823A6A1BEC768100713BED /* MCOperation.m in Sources */ = {isa = PBXBuildFile; fileRef = 4F823A691BEC768100713BED /* MCOperation.m */; };
		4FF63E101BF61D8F003B77DA /* NSString+Hash.m in Sources */ = {isa = PBXBuildFile; fileRef = 4FF63E031BF61D8F003B77DA /* NSString+Hash.m */; };
		4FF63E111BF61D8F003B77DA /* UIBarButtonItem+Extention.m in Sources */ = {isa = PBXBuildFile; fileRef = 4FF63E051BF61D8F003B77DA /* UIBarButtonItem+Extention.m */; };
		4FF63E121BF61D8F003B77DA /* UIView+Extention.m in Sources */ = {isa = PBXBuildFile; fileRef = 4FF63E071BF61D8F003B77DA /* UIView+Extention.m */; };
		4FF63E131BF61D8F003B77DA /* Reachability.m in Sources */ = {isa = PBXBuildFile; fileRef = 4FF63E0B1BF61D8F003B77DA /* Reachability.m */; settings = {COMPILER_FLAGS = "-fno-objc-arc"; }; };
		4FF63E141BF61D8F003B77DA /* LYLoginViewController.m in Sources */ = {isa = PBXBuildFile; fileRef = 4FF63E0E1BF61D8F003B77DA /* LYLoginViewController.m */; };
		4FF63E151BF61D8F003B77DA /* LYLoginViewController.xib in Resources */ = {isa = PBXBuildFile; fileRef = 4FF63E0F1BF61D8F003B77DA /* LYLoginViewController.xib */; };
/* End PBXBuildFile section */

/* Begin PBXContainerItemProxy section */
		28816E281BEBC12300B37D3D /* PBXContainerItemProxy */ = {
			isa = PBXContainerItemProxy;
			containerPortal = 28816E061BEBC12300B37D3D /* Project object */;
			proxyType = 1;
			remoteGlobalIDString = 28816E0D1BEBC12300B37D3D;
			remoteInfo = ImageListCache;
		};
		28816E331BEBC12300B37D3D /* PBXContainerItemProxy */ = {
			isa = PBXContainerItemProxy;
			containerPortal = 28816E061BEBC12300B37D3D /* Project object */;
			proxyType = 1;
			remoteGlobalIDString = 28816E0D1BEBC12300B37D3D;
			remoteInfo = ImageListCache;
		};
/* End PBXContainerItemProxy section */

/* Begin PBXFileReference section */
		28816E0E1BEBC12300B37D3D /* ImageListCache.app */ = {isa = PBXFileReference; explicitFileType = wrapper.application; includeInIndex = 0; path = ImageListCache.app; sourceTree = BUILT_PRODUCTS_DIR; };
		28816E121BEBC12300B37D3D /* main.m */ = {isa = PBXFileReference; lastKnownFileType = sourcecode.c.objc; path = main.m; sourceTree = "<group>"; };
		28816E141BEBC12300B37D3D /* AppDelegate.h */ = {isa = PBXFileReference; lastKnownFileType = sourcecode.c.h; path = AppDelegate.h; sourceTree = "<group>"; };
		28816E151BEBC12300B37D3D /* AppDelegate.m */ = {isa = PBXFileReference; lastKnownFileType = sourcecode.c.objc; path = AppDelegate.m; sourceTree = "<group>"; };
		28816E1B1BEBC12300B37D3D /* Base */ = {isa = PBXFileReference; lastKnownFileType = file.storyboard; name = Base; path = Base.lproj/Main.storyboard; sourceTree = "<group>"; };
		28816E1D1BEBC12300B37D3D /* Assets.xcassets */ = {isa = PBXFileReference; lastKnownFileType = folder.assetcatalog; path = Assets.xcassets; sourceTree = "<group>"; };
		28816E201BEBC12300B37D3D /* Base */ = {isa = PBXFileReference; lastKnownFileType = file.storyboard; name = Base; path = Base.lproj/LaunchScreen.storyboard; sourceTree = "<group>"; };
		28816E221BEBC12300B37D3D /* Info.plist */ = {isa = PBXFileReference; lastKnownFileType = text.plist.xml; path = Info.plist; sourceTree = "<group>"; };
		28816E271BEBC12300B37D3D /* ImageListCacheTests.xctest */ = {isa = PBXFileReference; explicitFileType = wrapper.cfbundle; includeInIndex = 0; path = ImageListCacheTests.xctest; sourceTree = BUILT_PRODUCTS_DIR; };
		28816E2B1BEBC12300B37D3D /* ImageListCacheTests.m */ = {isa = PBXFileReference; lastKnownFileType = sourcecode.c.objc; path = ImageListCacheTests.m; sourceTree = "<group>"; };
		28816E2D1BEBC12300B37D3D /* Info.plist */ = {isa = PBXFileReference; lastKnownFileType = text.plist.xml; path = Info.plist; sourceTree = "<group>"; };
		28816E321BEBC12300B37D3D /* ImageListCacheUITests.xctest */ = {isa = PBXFileReference; explicitFileType = wrapper.cfbundle; includeInIndex = 0; path = ImageListCacheUITests.xctest; sourceTree = BUILT_PRODUCTS_DIR; };
		28816E361BEBC12300B37D3D /* ImageListCacheUITests.m */ = {isa = PBXFileReference; lastKnownFileType = sourcecode.c.objc; path = ImageListCacheUITests.m; sourceTree = "<group>"; };
		28816E381BEBC12300B37D3D /* Info.plist */ = {isa = PBXFileReference; lastKnownFileType = text.plist.xml; path = Info.plist; sourceTree = "<group>"; };
		28816E441BEBC20700B37D3D /* AppTableViewController.h */ = {isa = PBXFileReference; fileEncoding = 4; lastKnownFileType = sourcecode.c.h; path = AppTableViewController.h; sourceTree = "<group>"; };
		28816E451BEBC20700B37D3D /* AppTableViewController.m */ = {isa = PBXFileReference; fileEncoding = 4; lastKnownFileType = sourcecode.c.objc; path = AppTableViewController.m; sourceTree = "<group>"; };
		28816E461BEBC20700B37D3D /* MCApps.h */ = {isa = PBXFileReference; fileEncoding = 4; lastKnownFileType = sourcecode.c.h; path = MCApps.h; sourceTree = "<group>"; };
		28816E471BEBC20700B37D3D /* MCApps.m */ = {isa = PBXFileReference; fileEncoding = 4; lastKnownFileType = sourcecode.c.objc; path = MCApps.m; sourceTree = "<group>"; };
		28816E4A1BEBC26600B37D3D /* apps.plist */ = {isa = PBXFileReference; fileEncoding = 4; lastKnownFileType = text.plist.xml; path = apps.plist; sourceTree = "<group>"; };
		4F823A681BEC768100713BED /* MCOperation.h */ = {isa = PBXFileReference; fileEncoding = 4; lastKnownFileType = sourcecode.c.h; path = MCOperation.h; sourceTree = "<group>"; };
		4F823A691BEC768100713BED /* MCOperation.m */ = {isa = PBXFileReference; fileEncoding = 4; lastKnownFileType = sourcecode.c.objc; path = MCOperation.m; sourceTree = "<group>"; };
		4FF63E021BF61D8F003B77DA /* NSString+Hash.h */ = {isa = PBXFileReference; fileEncoding = 4; lastKnownFileType = sourcecode.c.h; path = "NSString+Hash.h"; sourceTree = "<group>"; };
		4FF63E031BF61D8F003B77DA /* NSString+Hash.m */ = {isa = PBXFileReference; fileEncoding = 4; lastKnownFileType = sourcecode.c.objc; path = "NSString+Hash.m"; sourceTree = "<group>"; };
		4FF63E041BF61D8F003B77DA /* UIBarButtonItem+Extention.h */ = {isa = PBXFileReference; fileEncoding = 4; lastKnownFileType = sourcecode.c.h; path = "UIBarButtonItem+Extention.h"; sourceTree = "<group>"; };
		4FF63E051BF61D8F003B77DA /* UIBarButtonItem+Extention.m */ = {isa = PBXFileReference; fileEncoding = 4; lastKnownFileType = sourcecode.c.objc; path = "UIBarButtonItem+Extention.m"; sourceTree = "<group>"; };
		4FF63E061BF61D8F003B77DA /* UIView+Extention.h */ = {isa = PBXFileReference; fileEncoding = 4; lastKnownFileType = sourcecode.c.h; path = "UIView+Extention.h"; sourceTree = "<group>"; };
		4FF63E071BF61D8F003B77DA /* UIView+Extention.m */ = {isa = PBXFileReference; fileEncoding = 4; lastKnownFileType = sourcecode.c.objc; path = "UIView+Extention.m"; sourceTree = "<group>"; };
		4FF63E0A1BF61D8F003B77DA /* Reachability.h */ = {isa = PBXFileReference; fileEncoding = 4; lastKnownFileType = sourcecode.c.h; path = Reachability.h; sourceTree = "<group>"; };
		4FF63E0B1BF61D8F003B77DA /* Reachability.m */ = {isa = PBXFileReference; fileEncoding = 4; lastKnownFileType = sourcecode.c.objc; path = Reachability.m; sourceTree = "<group>"; };
		4FF63E0D1BF61D8F003B77DA /* LYLoginViewController.h */ = {isa = PBXFileReference; fileEncoding = 4; lastKnownFileType = sourcecode.c.h; path = LYLoginViewController.h; sourceTree = "<group>"; };
		4FF63E0E1BF61D8F003B77DA /* LYLoginViewController.m */ = {isa = PBXFileReference; fileEncoding = 4; lastKnownFileType = sourcecode.c.objc; path = LYLoginViewController.m; sourceTree = "<group>"; };
		4FF63E0F1BF61D8F003B77DA /* LYLoginViewController.xib */ = {isa = PBXFileReference; fileEncoding = 4; lastKnownFileType = file.xib; path = LYLoginViewController.xib; sourceTree = "<group>"; };
/* End PBXFileReference section */

/* Begin PBXFrameworksBuildPhase section */
		28816E0B1BEBC12300B37D3D /* Frameworks */ = {
			isa = PBXFrameworksBuildPhase;
			buildActionMask = 2147483647;
			files = (
			);
			runOnlyForDeploymentPostprocessing = 0;
		};
		28816E241BEBC12300B37D3D /* Frameworks */ = {
			isa = PBXFrameworksBuildPhase;
			buildActionMask = 2147483647;
			files = (
			);
			runOnlyForDeploymentPostprocessing = 0;
		};
		28816E2F1BEBC12300B37D3D /* Frameworks */ = {
			isa = PBXFrameworksBuildPhase;
			buildActionMask = 2147483647;
			files = (
			);
			runOnlyForDeploymentPostprocessing = 0;
		};
/* End PBXFrameworksBuildPhase section */

/* Begin PBXGroup section */
		28816E051BEBC12300B37D3D = {
			isa = PBXGroup;
			children = (
				28816E101BEBC12300B37D3D /* ImageListCache */,
				28816E2A1BEBC12300B37D3D /* ImageListCacheTests */,
				28816E351BEBC12300B37D3D /* ImageListCacheUITests */,
				28816E0F1BEBC12300B37D3D /* Products */,
			);
			sourceTree = "<group>";
		};
		28816E0F1BEBC12300B37D3D /* Products */ = {
			isa = PBXGroup;
			children = (
				28816E0E1BEBC12300B37D3D /* ImageListCache.app */,
				28816E271BEBC12300B37D3D /* ImageListCacheTests.xctest */,
				28816E321BEBC12300B37D3D /* ImageListCacheUITests.xctest */,
			);
			name = Products;
			sourceTree = "<group>";
		};
		28816E101BEBC12300B37D3D /* ImageListCache */ = {
			isa = PBXGroup;
			children = (
				28816E141BEBC12300B37D3D /* AppDelegate.h */,
				28816E151BEBC12300B37D3D /* AppDelegate.m */,
				28816E441BEBC20700B37D3D /* AppTableViewController.h */,
				28816E451BEBC20700B37D3D /* AppTableViewController.m */,
				28816E461BEBC20700B37D3D /* MCApps.h */,
				28816E471BEBC20700B37D3D /* MCApps.m */,
				4F823A681BEC768100713BED /* MCOperation.h */,
				4F823A691BEC768100713BED /* MCOperation.m */,
				28816E4A1BEBC26600B37D3D /* apps.plist */,
				28816E1A1BEBC12300B37D3D /* Main.storyboard */,
				4FF63E011BF61D8F003B77DA /* Category */,
				4FF63E081BF61D8F003B77DA /* Lib */,
				4FF63E0C1BF61D8F003B77DA /* LoginViewController */,
				28816E1D1BEBC12300B37D3D /* Assets.xcassets */,
				28816E1F1BEBC12300B37D3D /* LaunchScreen.storyboard */,
				28816E221BEBC12300B37D3D /* Info.plist */,
				28816E111BEBC12300B37D3D /* Supporting Files */,
			);
			path = ImageListCache;
			sourceTree = "<group>";
		};
		28816E111BEBC12300B37D3D /* Supporting Files */ = {
			isa = PBXGroup;
			children = (
				28816E121BEBC12300B37D3D /* main.m */,
			);
			name = "Supporting Files";
			sourceTree = "<group>";
		};
		28816E2A1BEBC12300B37D3D /* ImageListCacheTests */ = {
			isa = PBXGroup;
			children = (
				28816E2B1BEBC12300B37D3D /* ImageListCacheTests.m */,
				28816E2D1BEBC12300B37D3D /* Info.plist */,
			);
			path = ImageListCacheTests;
			sourceTree = "<group>";
		};
		28816E351BEBC12300B37D3D /* ImageListCacheUITests */ = {
			isa = PBXGroup;
			children = (
				28816E361BEBC12300B37D3D /* ImageListCacheUITests.m */,
				28816E381BEBC12300B37D3D /* Info.plist */,
			);
			path = ImageListCacheUITests;
			sourceTree = "<group>";
		};
		4FF63E011BF61D8F003B77DA /* Category */ = {
			isa = PBXGroup;
			children = (
				4FF63E021BF61D8F003B77DA /* NSString+Hash.h */,
				4FF63E031BF61D8F003B77DA /* NSString+Hash.m */,
				4FF63E041BF61D8F003B77DA /* UIBarButtonItem+Extention.h */,
				4FF63E051BF61D8F003B77DA /* UIBarButtonItem+Extention.m */,
				4FF63E061BF61D8F003B77DA /* UIView+Extention.h */,
				4FF63E071BF61D8F003B77DA /* UIView+Extention.m */,
			);
			path = Category;
			sourceTree = "<group>";
		};
		4FF63E081BF61D8F003B77DA /* Lib */ = {
			isa = PBXGroup;
			children = (
				4FF63E091BF61D8F003B77DA /* Reachability */,
			);
			path = Lib;
			sourceTree = "<group>";
		};
		4FF63E091BF61D8F003B77DA /* Reachability */ = {
			isa = PBXGroup;
			children = (
				4FF63E0A1BF61D8F003B77DA /* Reachability.h */,
				4FF63E0B1BF61D8F003B77DA /* Reachability.m */,
			);
			path = Reachability;
			sourceTree = "<group>";
		};
		4FF63E0C1BF61D8F003B77DA /* LoginViewController */ = {
			isa = PBXGroup;
			children = (
				4FF63E0D1BF61D8F003B77DA /* LYLoginViewController.h */,
				4FF63E0E1BF61D8F003B77DA /* LYLoginViewController.m */,
				4FF63E0F1BF61D8F003B77DA /* LYLoginViewController.xib */,
			);
			path = LoginViewController;
			sourceTree = "<group>";
		};
/* End PBXGroup section */

/* Begin PBXNativeTarget section */
		28816E0D1BEBC12300B37D3D /* ImageListCache */ = {
			isa = PBXNativeTarget;
			buildConfigurationList = 28816E3B1BEBC12300B37D3D /* Build configuration list for PBXNativeTarget "ImageListCache" */;
			buildPhases = (
				28816E0A1BEBC12300B37D3D /* Sources */,
				28816E0B1BEBC12300B37D3D /* Frameworks */,
				28816E0C1BEBC12300B37D3D /* Resources */,
			);
			buildRules = (
			);
			dependencies = (
			);
			name = ImageListCache;
			productName = ImageListCache;
			productReference = 28816E0E1BEBC12300B37D3D /* ImageListCache.app */;
			productType = "com.apple.product-type.application";
		};
		28816E261BEBC12300B37D3D /* ImageListCacheTests */ = {
			isa = PBXNativeTarget;
			buildConfigurationList = 28816E3E1BEBC12300B37D3D /* Build configuration list for PBXNativeTarget "ImageListCacheTests" */;
			buildPhases = (
				28816E231BEBC12300B37D3D /* Sources */,
				28816E241BEBC12300B37D3D /* Frameworks */,
				28816E251BEBC12300B37D3D /* Resources */,
			);
			buildRules = (
			);
			dependencies = (
				28816E291BEBC12300B37D3D /* PBXTargetDependency */,
			);
			name = ImageListCacheTests;
			productName = ImageListCacheTests;
			productReference = 28816E271BEBC12300B37D3D /* ImageListCacheTests.xctest */;
			productType = "com.apple.product-type.bundle.unit-test";
		};
		28816E311BEBC12300B37D3D /* ImageListCacheUITests */ = {
			isa = PBXNativeTarget;
			buildConfigurationList = 28816E411BEBC12300B37D3D /* Build configuration list for PBXNativeTarget "ImageListCacheUITests" */;
			buildPhases = (
				28816E2E1BEBC12300B37D3D /* Sources */,
				28816E2F1BEBC12300B37D3D /* Frameworks */,
				28816E301BEBC12300B37D3D /* Resources */,
			);
			buildRules = (
			);
			dependencies = (
				28816E341BEBC12300B37D3D /* PBXTargetDependency */,
			);
			name = ImageListCacheUITests;
			productName = ImageListCacheUITests;
			productReference = 28816E321BEBC12300B37D3D /* ImageListCacheUITests.xctest */;
			productType = "com.apple.product-type.bundle.ui-testing";
		};
/* End PBXNativeTarget section */

/* Begin PBXProject section */
		28816E061BEBC12300B37D3D /* Project object */ = {
			isa = PBXProject;
			attributes = {
				LastUpgradeCheck = 0710;
				ORGANIZATIONNAME = "LY'S MacBook Air";
				TargetAttributes = {
					28816E0D1BEBC12300B37D3D = {
						CreatedOnToolsVersion = 7.1;
					};
					28816E261BEBC12300B37D3D = {
						CreatedOnToolsVersion = 7.1;
						TestTargetID = 28816E0D1BEBC12300B37D3D;
					};
					28816E311BEBC12300B37D3D = {
						CreatedOnToolsVersion = 7.1;
						TestTargetID = 28816E0D1BEBC12300B37D3D;
					};
				};
			};
			buildConfigurationList = 28816E091BEBC12300B37D3D /* Build configuration list for PBXProject "ImageListCache" */;
			compatibilityVersion = "Xcode 3.2";
			developmentRegion = English;
			hasScannedForEncodings = 0;
			knownRegions = (
				en,
				Base,
			);
			mainGroup = 28816E051BEBC12300B37D3D;
			productRefGroup = 28816E0F1BEBC12300B37D3D /* Products */;
			projectDirPath = "";
			projectRoot = "";
			targets = (
				28816E0D1BEBC12300B37D3D /* ImageListCache */,
				28816E261BEBC12300B37D3D /* ImageListCacheTests */,
				28816E311BEBC12300B37D3D /* ImageListCacheUITests */,
			);
		};
/* End PBXProject section */

/* Begin PBXResourcesBuildPhase section */
		28816E0C1BEBC12300B37D3D /* Resources */ = {
			isa = PBXResourcesBuildPhase;
			buildActionMask = 2147483647;
			files = (
				28816E4B1BEBC26600B37D3D /* apps.plist in Resources */,
				28816E211BEBC12300B37D3D /* LaunchScreen.storyboard in Resources */,
				28816E1E1BEBC12300B37D3D /* Assets.xcassets in Resources */,
				4FF63E151BF61D8F003B77DA /* LYLoginViewController.xib in Resources */,
				28816E1C1BEBC12300B37D3D /* Main.storyboard in Resources */,
			);
			runOnlyForDeploymentPostprocessing = 0;
		};
		28816E251BEBC12300B37D3D /* Resources */ = {
			isa = PBXResourcesBuildPhase;
			buildActionMask = 2147483647;
			files = (
			);
			runOnlyForDeploymentPostprocessing = 0;
		};
		28816E301BEBC12300B37D3D /* Resources */ = {
			isa = PBXResourcesBuildPhase;
			buildActionMask = 2147483647;
			files = (
			);
			runOnlyForDeploymentPostprocessing = 0;
		};
/* End PBXResourcesBuildPhase section */

/* Begin PBXSourcesBuildPhase section */
		28816E0A1BEBC12300B37D3D /* Sources */ = {
			isa = PBXSourcesBuildPhase;
			buildActionMask = 2147483647;
			files = (
				4F823A6A1BEC768100713BED /* MCOperation.m in Sources */,
				4FF63E101BF61D8F003B77DA /* NSString+Hash.m in Sources */,
				28816E161BEBC12300B37D3D /* AppDelegate.m in Sources */,
				28816E131BEBC12300B37D3D /* main.m in Sources */,
				28816E491BEBC20700B37D3D /* MCApps.m in Sources */,
				4FF63E141BF61D8F003B77DA /* LYLoginViewController.m in Sources */,
				4FF63E111BF61D8F003B77DA /* UIBarButtonItem+Extention.m in Sources */,
				28816E481BEBC20700B37D3D /* AppTableViewController.m in Sources */,
				4FF63E131BF61D8F003B77DA /* Reachability.m in Sources */,
				4FF63E121BF61D8F003B77DA /* UIView+Extention.m in Sources */,
			);
			runOnlyForDeploymentPostprocessing = 0;
		};
		28816E231BEBC12300B37D3D /* Sources */ = {
			isa = PBXSourcesBuildPhase;
			buildActionMask = 2147483647;
			files = (
				28816E2C1BEBC12300B37D3D /* ImageListCacheTests.m in Sources */,
			);
			runOnlyForDeploymentPostprocessing = 0;
		};
		28816E2E1BEBC12300B37D3D /* Sources */ = {
			isa = PBXSourcesBuildPhase;
			buildActionMask = 2147483647;
			files = (
				28816E371BEBC12300B37D3D /* ImageListCacheUITests.m in Sources */,
			);
			runOnlyForDeploymentPostprocessing = 0;
		};
/* End PBXSourcesBuildPhase section */

/* Begin PBXTargetDependency section */
		28816E291BEBC12300B37D3D /* PBXTargetDependency */ = {
			isa = PBXTargetDependency;
			target = 28816E0D1BEBC12300B37D3D /* ImageListCache */;
			targetProxy = 28816E281BEBC12300B37D3D /* PBXContainerItemProxy */;
		};
		28816E341BEBC12300B37D3D /* PBXTargetDependency */ = {
			isa = PBXTargetDependency;
			target = 28816E0D1BEBC12300B37D3D /* ImageListCache */;
			targetProxy = 28816E331BEBC12300B37D3D /* PBXContainerItemProxy */;
		};
/* End PBXTargetDependency section */

/* Begin PBXVariantGroup section */
		28816E1A1BEBC12300B37D3D /* Main.storyboard */ = {
			isa = PBXVariantGroup;
			children = (
				28816E1B1BEBC12300B37D3D /* Base */,
			);
			name = Main.storyboard;
			sourceTree = "<group>";
		};
		28816E1F1BEBC12300B37D3D /* LaunchScreen.storyboard */ = {
			isa = PBXVariantGroup;
			children = (
				28816E201BEBC12300B37D3D /* Base */,
			);
			name = LaunchScreen.storyboard;
			sourceTree = "<group>";
		};
/* End PBXVariantGroup section */

/* Begin XCBuildConfiguration section */
		28816E391BEBC12300B37D3D /* Debug */ = {
			isa = XCBuildConfiguration;
			buildSettings = {
				ALWAYS_SEARCH_USER_PATHS = NO;
				CLANG_CXX_LANGUAGE_STANDARD = "gnu++0x";
				CLANG_CXX_LIBRARY = "libc++";
				CLANG_ENABLE_MODULES = YES;
				CLANG_ENABLE_OBJC_ARC = YES;
				CLANG_WARN_BOOL_CONVERSION = YES;
				CLANG_WARN_CONSTANT_CONVERSION = YES;
				CLANG_WARN_DIRECT_OBJC_ISA_USAGE = YES_ERROR;
				CLANG_WARN_EMPTY_BODY = YES;
				CLANG_WARN_ENUM_CONVERSION = YES;
				CLANG_WARN_INT_CONVERSION = YES;
				CLANG_WARN_OBJC_ROOT_CLASS = YES_ERROR;
				CLANG_WARN_UNREACHABLE_CODE = YES;
				CLANG_WARN__DUPLICATE_METHOD_MATCH = YES;
				"CODE_SIGN_IDENTITY[sdk=iphoneos*]" = "iPhone Developer";
				COPY_PHASE_STRIP = NO;
				DEBUG_INFORMATION_FORMAT = dwarf;
				ENABLE_STRICT_OBJC_MSGSEND = YES;
				ENABLE_TESTABILITY = YES;
				GCC_C_LANGUAGE_STANDARD = gnu99;
				GCC_DYNAMIC_NO_PIC = NO;
				GCC_NO_COMMON_BLOCKS = YES;
				GCC_OPTIMIZATION_LEVEL = 0;
				GCC_PREPROCESSOR_DEFINITIONS = (
					"DEBUG=1",
					"$(inherited)",
				);
				GCC_WARN_64_TO_32_BIT_CONVERSION = YES;
				GCC_WARN_ABOUT_RETURN_TYPE = YES_ERROR;
				GCC_WARN_UNDECLARED_SELECTOR = YES;
				GCC_WARN_UNINITIALIZED_AUTOS = YES_AGGRESSIVE;
				GCC_WARN_UNUSED_FUNCTION = YES;
				GCC_WARN_UNUSED_VARIABLE = YES;
				IPHONEOS_DEPLOYMENT_TARGET = 9.1;
				MTL_ENABLE_DEBUG_INFO = YES;
				ONLY_ACTIVE_ARCH = YES;
				SDKROOT = iphoneos;
				TARGETED_DEVICE_FAMILY = "1,2";
			};
			name = Debug;
		};
		28816E3A1BEBC12300B37D3D /* Release */ = {
			isa = XCBuildConfiguration;
			buildSettings = {
				ALWAYS_SEARCH_USER_PATHS = NO;
				CLANG_CXX_LANGUAGE_STANDARD = "gnu++0x";
				CLANG_CXX_LIBRARY = "libc++";
				CLANG_ENABLE_MODULES = YES;
				CLANG_ENABLE_OBJC_ARC = YES;
				CLANG_WARN_BOOL_CONVERSION = YES;
				CLANG_WARN_CONSTANT_CONVERSION = YES;
				CLANG_WARN_DIRECT_OBJC_ISA_USAGE = YES_ERROR;
				CLANG_WARN_EMPTY_BODY = YES;
				CLANG_WARN_ENUM_CONVERSION = YES;
				CLANG_WARN_INT_CONVERSION = YES;
				CLANG_WARN_OBJC_ROOT_CLASS = YES_ERROR;
				CLANG_WARN_UNREACHABLE_CODE = YES;
				CLANG_WARN__DUPLICATE_METHOD_MATCH = YES;
				"CODE_SIGN_IDENTITY[sdk=iphoneos*]" = "iPhone Developer";
				COPY_PHASE_STRIP = NO;
				DEBUG_INFORMATION_FORMAT = "dwarf-with-dsym";
				ENABLE_NS_ASSERTIONS = NO;
				ENABLE_STRICT_OBJC_MSGSEND = YES;
				GCC_C_LANGUAGE_STANDARD = gnu99;
				GCC_NO_COMMON_BLOCKS = YES;
				GCC_WARN_64_TO_32_BIT_CONVERSION = YES;
				GCC_WARN_ABOUT_RETURN_TYPE = YES_ERROR;
				GCC_WARN_UNDECLARED_SELECTOR = YES;
				GCC_WARN_UNINITIALIZED_AUTOS = YES_AGGRESSIVE;
				GCC_WARN_UNUSED_FUNCTION = YES;
				GCC_WARN_UNUSED_VARIABLE = YES;
				IPHONEOS_DEPLOYMENT_TARGET = 9.1;
				MTL_ENABLE_DEBUG_INFO = NO;
				SDKROOT = iphoneos;
				TARGETED_DEVICE_FAMILY = "1,2";
				VALIDATE_PRODUCT = YES;
			};
			name = Release;
		};
		28816E3C1BEBC12300B37D3D /* Debug */ = {
			isa = XCBuildConfiguration;
			buildSettings = {
				ASSETCATALOG_COMPILER_APPICON_NAME = AppIcon;
				INFOPLIST_FILE = ImageListCache/Info.plist;
				LD_RUNPATH_SEARCH_PATHS = "$(inherited) @executable_path/Frameworks";
				PRODUCT_BUNDLE_IDENTIFIER = com.lychow.pragrammer.ImageListCache;
				PRODUCT_NAME = "$(TARGET_NAME)";
			};
			name = Debug;
		};
		28816E3D1BEBC12300B37D3D /* Release */ = {
			isa = XCBuildConfiguration;
			buildSettings = {
				ASSETCATALOG_COMPILER_APPICON_NAME = AppIcon;
				INFOPLIST_FILE = ImageListCache/Info.plist;
				LD_RUNPATH_SEARCH_PATHS = "$(inherited) @executable_path/Frameworks";
				PRODUCT_BUNDLE_IDENTIFIER = com.lychow.pragrammer.ImageListCache;
				PRODUCT_NAME = "$(TARGET_NAME)";
			};
			name = Release;
		};
		28816E3F1BEBC12300B37D3D /* Debug */ = {
			isa = XCBuildConfiguration;
			buildSettings = {
				BUNDLE_LOADER = "$(TEST_HOST)";
				INFOPLIST_FILE = ImageListCacheTests/Info.plist;
				LD_RUNPATH_SEARCH_PATHS = "$(inherited) @executable_path/Frameworks @loader_path/Frameworks";
				PRODUCT_BUNDLE_IDENTIFIER = com.lychow.pragrammer.ImageListCacheTests;
				PRODUCT_NAME = "$(TARGET_NAME)";
				TEST_HOST = "$(BUILT_PRODUCTS_DIR)/ImageListCache.app/ImageListCache";
			};
			name = Debug;
		};
		28816E401BEBC12300B37D3D /* Release */ = {
			isa = XCBuildConfiguration;
			buildSettings = {
				BUNDLE_LOADER = "$(TEST_HOST)";
				INFOPLIST_FILE = ImageListCacheTests/Info.plist;
				LD_RUNPATH_SEARCH_PATHS = "$(inherited) @executable_path/Frameworks @loader_path/Frameworks";
				PRODUCT_BUNDLE_IDENTIFIER = com.lychow.pragrammer.ImageListCacheTests;
				PRODUCT_NAME = "$(TARGET_NAME)";
				TEST_HOST = "$(BUILT_PRODUCTS_DIR)/ImageListCache.app/ImageListCache";
			};
			name = Release;
		};
		28816E421BEBC12300B37D3D /* Debug */ = {
			isa = XCBuildConfiguration;
			buildSettings = {
				INFOPLIST_FILE = ImageListCacheUITests/Info.plist;
				LD_RUNPATH_SEARCH_PATHS = "$(inherited) @executable_path/Frameworks @loader_path/Frameworks";
				PRODUCT_BUNDLE_IDENTIFIER = com.lychow.pragrammer.ImageListCacheUITests;
				PRODUCT_NAME = "$(TARGET_NAME)";
				TEST_TARGET_NAME = ImageListCache;
				USES_XCTRUNNER = YES;
			};
			name = Debug;
		};
		28816E431BEBC12300B37D3D /* Release */ = {
			isa = XCBuildConfiguration;
			buildSettings = {
				INFOPLIST_FILE = ImageListCacheUITests/Info.plist;
				LD_RUNPATH_SEARCH_PATHS = "$(inherited) @executable_path/Frameworks @loader_path/Frameworks";
				PRODUCT_BUNDLE_IDENTIFIER = com.lychow.pragrammer.ImageListCacheUITests;
				PRODUCT_NAME = "$(TARGET_NAME)";
				TEST_TARGET_NAME = ImageListCache;
				USES_XCTRUNNER = YES;
			};
			name = Release;
		};
/* End XCBuildConfiguration section */

/* Begin XCConfigurationList section */
		28816E091BEBC12300B37D3D /* Build configuration list for PBXProject "ImageListCache" */ = {
			isa = XCConfigurationList;
			buildConfigurations = (
				28816E391BEBC12300B37D3D /* Debug */,
				28816E3A1BEBC12300B37D3D /* Release */,
			);
			defaultConfigurationIsVisible = 0;
			defaultConfigurationName = Release;
		};
		28816E3B1BEBC12300B37D3D /* Build configuration list for PBXNativeTarget "ImageListCache" */ = {
			isa = XCConfigurationList;
			buildConfigurations = (
				28816E3C1BEBC12300B37D3D /* Debug */,
				28816E3D1BEBC12300B37D3D /* Release */,
			);
			defaultConfigurationIsVisible = 0;
			defaultConfigurationName = Release;
		};
		28816E3E1BEBC12300B37D3D /* Build configuration list for PBXNativeTarget "ImageListCacheTests" */ = {
			isa = XCConfigurationList;
			buildConfigurations = (
				28816E3F1BEBC12300B37D3D /* Debug */,
				28816E401BEBC12300B37D3D /* Release */,
			);
			defaultConfigurationIsVisible = 0;
			defaultConfigurationName = Release;
		};
		28816E411BEBC12300B37D3D /* Build configuration list for PBXNativeTarget "ImageListCacheUITests" */ = {
			isa = XCConfigurationList;
			buildConfigurations = (
				28816E421BEBC12300B37D3D /* Debug */,
				28816E431BEBC12300B37D3D /* Release */,
			);
			defaultConfigurationIsVisible = 0;
			defaultConfigurationName = Release;
		};
/* End XCConfigurationList section */
	};
	rootObject = 28816E061BEBC12300B37D3D /* Project object */;
}
